
Microsoft Visual Studio Solution File, Format Version 12.00
# Visual Studio Version 16
VisualStudioVersion = 16.0.30413.136
MinimumVisualStudioVersion = 10.0.40219.1
Project("{FAE04EC0-301F-11D3-BF4B-00C04F79EFBC}") = "cs_timer", "cs_timer\cs_timer.csproj", "{FD94DCF6-356D-42C2-8398-2987268E1599}"
EndProject
Global
	GlobalSection(SolutionConfigurationPlatforms) = preSolution
		Debug|Any CPU = Debug|Any CPU
		Release|Any CPU = Release|Any CPU
	EndGlobalSection
	GlobalSection(ProjectConfigurationPlatforms) = postSolution
		{FD94DCF6-356D-42C2-8398-2987268E1599}.Debug|Any CPU.ActiveCfg = Debug|Any CPU
		{FD94DCF6-356D-42C2-8398-2987268E1599}.Debug|Any CPU.Build.0 = Debug|Any CPU
		{FD94DCF6-356D-42C2-8398-2987268E1599}.Release|Any CPU.ActiveCfg = Release|Any CPU
		{FD94DCF6-356D-42C2-8398-2987268E1599}.Release|Any CPU.Build.0 = Release|Any CPU
	EndGlobalSection
	GlobalSection(SolutionProperties) = preSolution
		HideSolutionNode = FALSE
	EndGlobalSection
	GlobalSection(ExtensibilityGlobals) = postSolution
		SolutionGuid = {83B7BBEB-035D-4C28-BB43-440B08806D51}
	EndGlobalSection
EndGlobal
